
Microsoft Visual Studio Solution File, Format Version 12.00
# Visual Studio Version 17
VisualStudioVersion = 17.11.35327.3
MinimumVisualStudioVersion = 10.0.40219.1
Project("{8BC9CEB8-8B4A-11D0-8D11-00A0C91BC942}") = "Сортировка Шелла", "Сортировка Шелла\Сортировка Шелла.vcxproj", "{62DE635F-9C96-4725-B5D5-4DC42F0B6F6C}"
EndProject
Global
	GlobalSection(SolutionConfigurationPlatforms) = preSolution
		Debug|x64 = Debug|x64
		Debug|x86 = Debug|x86
		Release|x64 = Release|x64
		Release|x86 = Release|x86
	EndGlobalSection
	GlobalSection(ProjectConfigurationPlatforms) = postSolution
		{62DE635F-9C96-4725-B5D5-4DC42F0B6F6C}.Debug|x64.ActiveCfg = Debug|x64
		{62DE635F-9C96-4725-B5D5-4DC42F0B6F6C}.Debug|x64.Build.0 = Debug|x64
		{62DE635F-9C96-4725-B5D5-4DC42F0B6F6C}.Debug|x86.ActiveCfg = Debug|Win32
		{62DE635F-9C96-4725-B5D5-4DC42F0B6F6C}.Debug|x86.Build.0 = Debug|Win32
		{62DE635F-9C96-4725-B5D5-4DC42F0B6F6C}.Release|x64.ActiveCfg = Release|x64
		{62DE635F-9C96-4725-B5D5-4DC42F0B6F6C}.Release|x64.Build.0 = Release|x64
		{62DE635F-9C96-4725-B5D5-4DC42F0B6F6C}.Release|x86.ActiveCfg = Release|Win32
		{62DE635F-9C96-4725-B5D5-4DC42F0B6F6C}.Release|x86.Build.0 = Release|Win32
	EndGlobalSection
	GlobalSection(SolutionProperties) = preSolution
		HideSolutionNode = FALSE
	EndGlobalSection
	GlobalSection(ExtensibilityGlobals) = postSolution
		SolutionGuid = {0AE11852-9998-489D-A5EF-DD7B4BAF0CC8}
	EndGlobalSection
EndGlobal
