
Microsoft Visual Studio Solution File, Format Version 12.00
# Visual Studio Version 17
VisualStudioVersion = 17.11.35327.3
MinimumVisualStudioVersion = 10.0.40219.1
Project("{8BC9CEB8-8B4A-11D0-8D11-00A0C91BC942}") = "Cортировка Хоара", "Cортировка Хоара\Cортировка Хоара.vcxproj", "{ABDDD39D-77A5-4D21-B359-75F0F703D552}"
EndProject
Global
	GlobalSection(SolutionConfigurationPlatforms) = preSolution
		Debug|x64 = Debug|x64
		Debug|x86 = Debug|x86
		Release|x64 = Release|x64
		Release|x86 = Release|x86
	EndGlobalSection
	GlobalSection(ProjectConfigurationPlatforms) = postSolution
		{ABDDD39D-77A5-4D21-B359-75F0F703D552}.Debug|x64.ActiveCfg = Debug|x64
		{ABDDD39D-77A5-4D21-B359-75F0F703D552}.Debug|x64.Build.0 = Debug|x64
		{ABDDD39D-77A5-4D21-B359-75F0F703D552}.Debug|x86.ActiveCfg = Debug|Win32
		{ABDDD39D-77A5-4D21-B359-75F0F703D552}.Debug|x86.Build.0 = Debug|Win32
		{ABDDD39D-77A5-4D21-B359-75F0F703D552}.Release|x64.ActiveCfg = Release|x64
		{ABDDD39D-77A5-4D21-B359-75F0F703D552}.Release|x64.Build.0 = Release|x64
		{ABDDD39D-77A5-4D21-B359-75F0F703D552}.Release|x86.ActiveCfg = Release|Win32
		{ABDDD39D-77A5-4D21-B359-75F0F703D552}.Release|x86.Build.0 = Release|Win32
	EndGlobalSection
	GlobalSection(SolutionProperties) = preSolution
		HideSolutionNode = FALSE
	EndGlobalSection
	GlobalSection(ExtensibilityGlobals) = postSolution
		SolutionGuid = {8B87EAD0-08BB-4E8D-B245-F7BBDEF714CF}
	EndGlobalSection
EndGlobal
